<Solution>
  <Folder Name="/almacenapp/" />
  <Folder Name="/almacenapp/backend/">
    <Project Path="almacenapp/backend/AlmacenApi/AlmacenApi.csproj" />
    <Project Path="almacenapp/backend/AlmacenApi.Tests/AlmacenApi.Tests.csproj" />
  </Folder>
  <Project Path="almacenapp/almacenapp.esproj">
    <Build />
    <Deploy />
  </Project>
</Solution>
